// !$*UTF8*$!
{
	archiveVersion = 1;
	classes = {
	};
	objectVersion = 46;
	objects = {

/* Begin PBXBuildFile section */
		69D935C22FDF2F1E2CF6BADD /* libPods.a in Frameworks */ = {isa = PBXBuildFile; fileRef = 42B994672F81EA5DBF2A7564 /* libPods.a */; };
		987966011A73892A0088D162 /* main.m in Sources */ = {isa = PBXBuildFile; fileRef = 987966001A73892A0088D162 /* main.m */; };
		987966041A73892A0088D162 /* AppDelegate.m in Sources */ = {isa = PBXBuildFile; fileRef = 987966031A73892A0088D162 /* AppDelegate.m */; };
		987966071A73892A0088D162 /* ViewController.m in Sources */ = {isa = PBXBuildFile; fileRef = 987966061A73892A0088D162 /* ViewController.m */; };
		9879660A1A73892A0088D162 /* Main.storyboard in Resources */ = {isa = PBXBuildFile; fileRef = 987966081A73892A0088D162 /* Main.storyboard */; };
		9879660C1A73892A0088D162 /* Images.xcassets in Resources */ = {isa = PBXBuildFile; fileRef = 9879660B1A73892A0088D162 /* Images.xcassets */; };
		9879660F1A73892A0088D162 /* LaunchScreen.xib in Resources */ = {isa = PBXBuildFile; fileRef = 9879660D1A73892A0088D162 /* LaunchScreen.xib */; };
		9879661B1A73892A0088D162 /* personifITests.m in Sources */ = {isa = PBXBuildFile; fileRef = 9879661A1A73892A0088D162 /* personifITests.m */; };
		987966271A73B3280088D162 /* Utilities.m in Sources */ = {isa = PBXBuildFile; fileRef = 987966261A73B3280088D162 /* Utilities.m */; };
		987966311A740B9F0088D162 /* FRGWaterfallCollectionViewCell.m in Sources */ = {isa = PBXBuildFile; fileRef = 9879662A1A740B9F0088D162 /* FRGWaterfallCollectionViewCell.m */; };
		987966321A740B9F0088D162 /* FRGWaterfallCollectionViewLayout.m in Sources */ = {isa = PBXBuildFile; fileRef = 9879662C1A740B9F0088D162 /* FRGWaterfallCollectionViewLayout.m */; };
		987966331A740B9F0088D162 /* FRGWaterfallDecorationReusableView.m in Sources */ = {isa = PBXBuildFile; fileRef = 9879662E1A740B9F0088D162 /* FRGWaterfallDecorationReusableView.m */; };
		9879663B1A7436E30088D162 /* Parse.framework in Frameworks */ = {isa = PBXBuildFile; fileRef = 987966391A7436E30088D162 /* Parse.framework */; };
		9879663C1A7436E30088D162 /* ParseFacebookUtils.framework in Frameworks */ = {isa = PBXBuildFile; fileRef = 9879663A1A7436E30088D162 /* ParseFacebookUtils.framework */; };
		996BD65A1A738BD300CE4337 /* FacebookSDK.framework in Frameworks */ = {isa = PBXBuildFile; fileRef = 996BD6591A738BD300CE4337 /* FacebookSDK.framework */; };
		996BD65E1A738D6200CE4337 /* AudioToolbox.framework in Frameworks */ = {isa = PBXBuildFile; fileRef = 996BD65D1A738D6200CE4337 /* AudioToolbox.framework */; };
		996BD6601A738D6B00CE4337 /* CFNetwork.framework in Frameworks */ = {isa = PBXBuildFile; fileRef = 996BD65F1A738D6B00CE4337 /* CFNetwork.framework */; };
		996BD6621A738D7000CE4337 /* CoreGraphics.framework in Frameworks */ = {isa = PBXBuildFile; fileRef = 996BD6611A738D7000CE4337 /* CoreGraphics.framework */; };
		996BD6641A738D7F00CE4337 /* CoreLocation.framework in Frameworks */ = {isa = PBXBuildFile; fileRef = 996BD6631A738D7F00CE4337 /* CoreLocation.framework */; };
		996BD6661A738D8500CE4337 /* MobileCoreServices.framework in Frameworks */ = {isa = PBXBuildFile; fileRef = 996BD6651A738D8500CE4337 /* MobileCoreServices.framework */; };
		996BD6681A738D8F00CE4337 /* QuartzCore.framework in Frameworks */ = {isa = PBXBuildFile; fileRef = 996BD6671A738D8F00CE4337 /* QuartzCore.framework */; };
		996BD66A1A738D9600CE4337 /* Security.framework in Frameworks */ = {isa = PBXBuildFile; fileRef = 996BD6691A738D9600CE4337 /* Security.framework */; };
		996BD66C1A738D9C00CE4337 /* StoreKit.framework in Frameworks */ = {isa = PBXBuildFile; fileRef = 996BD66B1A738D9C00CE4337 /* StoreKit.framework */; };
		996BD66E1A738DA800CE4337 /* SystemConfiguration.framework in Frameworks */ = {isa = PBXBuildFile; fileRef = 996BD66D1A738DA800CE4337 /* SystemConfiguration.framework */; };
		996BD6701A738DB000CE4337 /* libz.dylib in Frameworks */ = {isa = PBXBuildFile; fileRef = 996BD66F1A738DB000CE4337 /* libz.dylib */; };
		996BD6721A738DC100CE4337 /* libsqlite3.dylib in Frameworks */ = {isa = PBXBuildFile; fileRef = 996BD6711A738DC100CE4337 /* libsqlite3.dylib */; };
		996BD6781A73976600CE4337 /* Facebook Login@2x.png in Resources */ = {isa = PBXBuildFile; fileRef = 996BD6771A73976600CE4337 /* Facebook Login@2x.png */; };
		996BD67B1A73A15900CE4337 /* Social.framework in Frameworks */ = {isa = PBXBuildFile; fileRef = 996BD67A1A73A15900CE4337 /* Social.framework */; };
		996BD67F1A73C88700CE4337 /* InterestsViewController.m in Sources */ = {isa = PBXBuildFile; fileRef = 996BD67E1A73C88700CE4337 /* InterestsViewController.m */; };
		996BD6831A73C89200CE4337 /* InterestTableViewCell.m in Sources */ = {isa = PBXBuildFile; fileRef = 996BD6821A73C89200CE4337 /* InterestTableViewCell.m */; };
		996BD68A1A73CA0800CE4337 /* FeedViewController.m in Sources */ = {isa = PBXBuildFile; fileRef = 996BD6861A73CA0800CE4337 /* FeedViewController.m */; };
		996BD68B1A73CA0800CE4337 /* LeftMenuViewController.m in Sources */ = {isa = PBXBuildFile; fileRef = 996BD6891A73CA0800CE4337 /* LeftMenuViewController.m */; };
		996BD6921A73CA4600CE4337 /* ECSlidingViewController.m in Sources */ = {isa = PBXBuildFile; fileRef = 996BD68F1A73CA4600CE4337 /* ECSlidingViewController.m */; };
		996BD6931A73CA4600CE4337 /* UIImage+ImageWithUIView.m in Sources */ = {isa = PBXBuildFile; fileRef = 996BD6911A73CA4600CE4337 /* UIImage+ImageWithUIView.m */; };
		996BD6A01A73CB4D00CE4337 /* FeedSettings@2x.png in Resources */ = {isa = PBXBuildFile; fileRef = 996BD6941A73CB4D00CE4337 /* FeedSettings@2x.png */; };
		996BD6A11A73CB4D00CE4337 /* Follow@2x.png in Resources */ = {isa = PBXBuildFile; fileRef = 996BD6951A73CB4D00CE4337 /* Follow@2x.png */; };
		996BD6A21A73CB4D00CE4337 /* Following@2x.png in Resources */ = {isa = PBXBuildFile; fileRef = 996BD6961A73CB4D00CE4337 /* Following@2x.png */; };
		996BD6A31A73CB4D00CE4337 /* imageoff.jpg in Resources */ = {isa = PBXBuildFile; fileRef = 996BD6971A73CB4D00CE4337 /* imageoff.jpg */; };
		996BD6A41A73CB4D00CE4337 /* Leoking_nonselected@2x.png in Resources */ = {isa = PBXBuildFile; fileRef = 996BD6981A73CB4D00CE4337 /* Leoking_nonselected@2x.png */; };
		996BD6A51A73CB4D00CE4337 /* Leoking_seleted@2x.png in Resources */ = {isa = PBXBuildFile; fileRef = 996BD6991A73CB4D00CE4337 /* Leoking_seleted@2x.png */; };
		996BD6A61A73CB4D00CE4337 /* LoginBG@2x.png in Resources */ = {isa = PBXBuildFile; fileRef = 996BD69A1A73CB4D00CE4337 /* LoginBG@2x.png */; };
		996BD6A71A73CB4D00CE4337 /* Logo@2x.png in Resources */ = {isa = PBXBuildFile; fileRef = 996BD69B1A73CB4D00CE4337 /* Logo@2x.png */; };
		996BD6A81A73CB4D00CE4337 /* nextbutton.png in Resources */ = {isa = PBXBuildFile; fileRef = 996BD69C1A73CB4D00CE4337 /* nextbutton.png */; };
		996BD6A91A73CB4D00CE4337 /* RadLibs2.jpg in Resources */ = {isa = PBXBuildFile; fileRef = 996BD69D1A73CB4D00CE4337 /* RadLibs2.jpg */; };
		996BD6AA1A73CB4D00CE4337 /* rightoff@2x.jpg in Resources */ = {isa = PBXBuildFile; fileRef = 996BD69E1A73CB4D00CE4337 /* rightoff@2x.jpg */; };
		996BD6AB1A73CB4D00CE4337 /* righton@2x.png in Resources */ = {isa = PBXBuildFile; fileRef = 996BD69F1A73CB4D00CE4337 /* righton@2x.png */; };
		996BD6AF1A73E39300CE4337 /* TakepicViewController.m in Sources */ = {isa = PBXBuildFile; fileRef = 996BD6AE1A73E39300CE4337 /* TakepicViewController.m */; };
		996BD6B11A73E78200CE4337 /* cameraImage@2x.jpg in Resources */ = {isa = PBXBuildFile; fileRef = 996BD6B01A73E78200CE4337 /* cameraImage@2x.jpg */; };
		996BD6B31A73FACF00CE4337 /* AVFoundation.framework in Frameworks */ = {isa = PBXBuildFile; fileRef = 996BD6B21A73FACF00CE4337 /* AVFoundation.framework */; };
/* End PBXBuildFile section */

/* Begin PBXContainerItemProxy section */
		987966151A73892A0088D162 /* PBXContainerItemProxy */ = {
			isa = PBXContainerItemProxy;
			containerPortal = 987965F31A73892A0088D162 /* Project object */;
			proxyType = 1;
			remoteGlobalIDString = 987965FA1A73892A0088D162;
			remoteInfo = personifI;
		};
/* End PBXContainerItemProxy section */

/* Begin PBXFileReference section */
		050D6B88D56803C475BFEDED /* Pods.debug.xcconfig */ = {isa = PBXFileReference; includeInIndex = 1; lastKnownFileType = text.xcconfig; name = Pods.debug.xcconfig; path = "Pods/Target Support Files/Pods/Pods.debug.xcconfig"; sourceTree = "<group>"; };
		42B994672F81EA5DBF2A7564 /* libPods.a */ = {isa = PBXFileReference; explicitFileType = archive.ar; includeInIndex = 0; path = libPods.a; sourceTree = BUILT_PRODUCTS_DIR; };
		4A375D9FDBF43568911A406D /* Pods.release.xcconfig */ = {isa = PBXFileReference; includeInIndex = 1; lastKnownFileType = text.xcconfig; name = Pods.release.xcconfig; path = "Pods/Target Support Files/Pods/Pods.release.xcconfig"; sourceTree = "<group>"; };
		987965FB1A73892A0088D162 /* personifI.app */ = {isa = PBXFileReference; explicitFileType = wrapper.application; includeInIndex = 0; path = personifI.app; sourceTree = BUILT_PRODUCTS_DIR; };
		987965FF1A73892A0088D162 /* Info.plist */ = {isa = PBXFileReference; lastKnownFileType = text.plist.xml; path = Info.plist; sourceTree = "<group>"; };
		987966001A73892A0088D162 /* main.m */ = {isa = PBXFileReference; lastKnownFileType = sourcecode.c.objc; path = main.m; sourceTree = "<group>"; };
		987966021A73892A0088D162 /* AppDelegate.h */ = {isa = PBXFileReference; lastKnownFileType = sourcecode.c.h; path = AppDelegate.h; sourceTree = "<group>"; };
		987966031A73892A0088D162 /* AppDelegate.m */ = {isa = PBXFileReference; lastKnownFileType = sourcecode.c.objc; path = AppDelegate.m; sourceTree = "<group>"; };
		987966051A73892A0088D162 /* ViewController.h */ = {isa = PBXFileReference; lastKnownFileType = sourcecode.c.h; path = ViewController.h; sourceTree = "<group>"; };
		987966061A73892A0088D162 /* ViewController.m */ = {isa = PBXFileReference; lastKnownFileType = sourcecode.c.objc; path = ViewController.m; sourceTree = "<group>"; };
		987966091A73892A0088D162 /* Base */ = {isa = PBXFileReference; lastKnownFileType = file.storyboard; name = Base; path = Base.lproj/Main.storyboard; sourceTree = "<group>"; };
		9879660B1A73892A0088D162 /* Images.xcassets */ = {isa = PBXFileReference; lastKnownFileType = folder.assetcatalog; path = Images.xcassets; sourceTree = "<group>"; };
		9879660E1A73892A0088D162 /* Base */ = {isa = PBXFileReference; lastKnownFileType = file.xib; name = Base; path = Base.lproj/LaunchScreen.xib; sourceTree = "<group>"; };
		987966141A73892A0088D162 /* personifITests.xctest */ = {isa = PBXFileReference; explicitFileType = wrapper.cfbundle; includeInIndex = 0; path = personifITests.xctest; sourceTree = BUILT_PRODUCTS_DIR; };
		987966191A73892A0088D162 /* Info.plist */ = {isa = PBXFileReference; lastKnownFileType = text.plist.xml; path = Info.plist; sourceTree = "<group>"; };
		9879661A1A73892A0088D162 /* personifITests.m */ = {isa = PBXFileReference; lastKnownFileType = sourcecode.c.objc; path = personifITests.m; sourceTree = "<group>"; };
		987966251A73B3280088D162 /* Utilities.h */ = {isa = PBXFileReference; fileEncoding = 4; lastKnownFileType = sourcecode.c.h; path = Utilities.h; sourceTree = "<group>"; };
		987966261A73B3280088D162 /* Utilities.m */ = {isa = PBXFileReference; fileEncoding = 4; lastKnownFileType = sourcecode.c.objc; path = Utilities.m; sourceTree = "<group>"; };
		987966291A740B9F0088D162 /* FRGWaterfallCollectionViewCell.h */ = {isa = PBXFileReference; fileEncoding = 4; lastKnownFileType = sourcecode.c.h; path = FRGWaterfallCollectionViewCell.h; sourceTree = "<group>"; };
		9879662A1A740B9F0088D162 /* FRGWaterfallCollectionViewCell.m */ = {isa = PBXFileReference; fileEncoding = 4; lastKnownFileType = sourcecode.c.objc; path = FRGWaterfallCollectionViewCell.m; sourceTree = "<group>"; };
		9879662B1A740B9F0088D162 /* FRGWaterfallCollectionViewLayout.h */ = {isa = PBXFileReference; fileEncoding = 4; lastKnownFileType = sourcecode.c.h; path = FRGWaterfallCollectionViewLayout.h; sourceTree = "<group>"; };
		9879662C1A740B9F0088D162 /* FRGWaterfallCollectionViewLayout.m */ = {isa = PBXFileReference; fileEncoding = 4; lastKnownFileType = sourcecode.c.objc; path = FRGWaterfallCollectionViewLayout.m; sourceTree = "<group>"; };
		9879662D1A740B9F0088D162 /* FRGWaterfallDecorationReusableView.h */ = {isa = PBXFileReference; fileEncoding = 4; lastKnownFileType = sourcecode.c.h; path = FRGWaterfallDecorationReusableView.h; sourceTree = "<group>"; };
		9879662E1A740B9F0088D162 /* FRGWaterfallDecorationReusableView.m */ = {isa = PBXFileReference; fileEncoding = 4; lastKnownFileType = sourcecode.c.objc; path = FRGWaterfallDecorationReusableView.m; sourceTree = "<group>"; };
		987966391A7436E30088D162 /* Parse.framework */ = {isa = PBXFileReference; lastKnownFileType = wrapper.framework; path = Parse.framework; sourceTree = "<group>"; };
		9879663A1A7436E30088D162 /* ParseFacebookUtils.framework */ = {isa = PBXFileReference; lastKnownFileType = wrapper.framework; path = ParseFacebookUtils.framework; sourceTree = "<group>"; };
		996BD6591A738BD300CE4337 /* FacebookSDK.framework */ = {isa = PBXFileReference; lastKnownFileType = wrapper.framework; path = FacebookSDK.framework; sourceTree = "<group>"; };
		996BD65D1A738D6200CE4337 /* AudioToolbox.framework */ = {isa = PBXFileReference; lastKnownFileType = wrapper.framework; name = AudioToolbox.framework; path = System/Library/Frameworks/AudioToolbox.framework; sourceTree = SDKROOT; };
		996BD65F1A738D6B00CE4337 /* CFNetwork.framework */ = {isa = PBXFileReference; lastKnownFileType = wrapper.framework; name = CFNetwork.framework; path = System/Library/Frameworks/CFNetwork.framework; sourceTree = SDKROOT; };
		996BD6611A738D7000CE4337 /* CoreGraphics.framework */ = {isa = PBXFileReference; lastKnownFileType = wrapper.framework; name = CoreGraphics.framework; path = System/Library/Frameworks/CoreGraphics.framework; sourceTree = SDKROOT; };
		996BD6631A738D7F00CE4337 /* CoreLocation.framework */ = {isa = PBXFileReference; lastKnownFileType = wrapper.framework; name = CoreLocation.framework; path = System/Library/Frameworks/CoreLocation.framework; sourceTree = SDKROOT; };
		996BD6651A738D8500CE4337 /* MobileCoreServices.framework */ = {isa = PBXFileReference; lastKnownFileType = wrapper.framework; name = MobileCoreServices.framework; path = System/Library/Frameworks/MobileCoreServices.framework; sourceTree = SDKROOT; };
		996BD6671A738D8F00CE4337 /* QuartzCore.framework */ = {isa = PBXFileReference; lastKnownFileType = wrapper.framework; name = QuartzCore.framework; path = System/Library/Frameworks/QuartzCore.framework; sourceTree = SDKROOT; };
		996BD6691A738D9600CE4337 /* Security.framework */ = {isa = PBXFileReference; lastKnownFileType = wrapper.framework; name = Security.framework; path = System/Library/Frameworks/Security.framework; sourceTree = SDKROOT; };
		996BD66B1A738D9C00CE4337 /* StoreKit.framework */ = {isa = PBXFileReference; lastKnownFileType = wrapper.framework; name = StoreKit.framework; path = System/Library/Frameworks/StoreKit.framework; sourceTree = SDKROOT; };
		996BD66D1A738DA800CE4337 /* SystemConfiguration.framework */ = {isa = PBXFileReference; lastKnownFileType = wrapper.framework; name = SystemConfiguration.framework; path = System/Library/Frameworks/SystemConfiguration.framework; sourceTree = SDKROOT; };
		996BD66F1A738DB000CE4337 /* libz.dylib */ = {isa = PBXFileReference; lastKnownFileType = "compiled.mach-o.dylib"; name = libz.dylib; path = usr/lib/libz.dylib; sourceTree = SDKROOT; };
		996BD6711A738DC100CE4337 /* libsqlite3.dylib */ = {isa = PBXFileReference; lastKnownFileType = "compiled.mach-o.dylib"; name = libsqlite3.dylib; path = usr/lib/libsqlite3.dylib; sourceTree = SDKROOT; };
		996BD6771A73976600CE4337 /* Facebook Login@2x.png */ = {isa = PBXFileReference; lastKnownFileType = image.png; path = "Facebook Login@2x.png"; sourceTree = "<group>"; };
		996BD6791A739ED900CE4337 /* AppConstant.h */ = {isa = PBXFileReference; lastKnownFileType = sourcecode.c.h; path = AppConstant.h; sourceTree = "<group>"; };
		996BD67A1A73A15900CE4337 /* Social.framework */ = {isa = PBXFileReference; lastKnownFileType = wrapper.framework; name = Social.framework; path = System/Library/Frameworks/Social.framework; sourceTree = SDKROOT; };
		996BD67D1A73C88700CE4337 /* InterestsViewController.h */ = {isa = PBXFileReference; fileEncoding = 4; lastKnownFileType = sourcecode.c.h; path = InterestsViewController.h; sourceTree = "<group>"; };
		996BD67E1A73C88700CE4337 /* InterestsViewController.m */ = {isa = PBXFileReference; fileEncoding = 4; lastKnownFileType = sourcecode.c.objc; path = InterestsViewController.m; sourceTree = "<group>"; };
		996BD6811A73C89200CE4337 /* InterestTableViewCell.h */ = {isa = PBXFileReference; fileEncoding = 4; lastKnownFileType = sourcecode.c.h; path = InterestTableViewCell.h; sourceTree = "<group>"; };
		996BD6821A73C89200CE4337 /* InterestTableViewCell.m */ = {isa = PBXFileReference; fileEncoding = 4; lastKnownFileType = sourcecode.c.objc; path = InterestTableViewCell.m; sourceTree = "<group>"; };
		996BD6851A73CA0800CE4337 /* FeedViewController.h */ = {isa = PBXFileReference; fileEncoding = 4; lastKnownFileType = sourcecode.c.h; path = FeedViewController.h; sourceTree = "<group>"; };
		996BD6861A73CA0800CE4337 /* FeedViewController.m */ = {isa = PBXFileReference; fileEncoding = 4; lastKnownFileType = sourcecode.c.objc; path = FeedViewController.m; sourceTree = "<group>"; };
		996BD6881A73CA0800CE4337 /* LeftMenuViewController.h */ = {isa = PBXFileReference; fileEncoding = 4; lastKnownFileType = sourcecode.c.h; path = LeftMenuViewController.h; sourceTree = "<group>"; };
		996BD6891A73CA0800CE4337 /* LeftMenuViewController.m */ = {isa = PBXFileReference; fileEncoding = 4; lastKnownFileType = sourcecode.c.objc; path = LeftMenuViewController.m; sourceTree = "<group>"; };
		996BD68E1A73CA4600CE4337 /* ECSlidingViewController.h */ = {isa = PBXFileReference; fileEncoding = 4; lastKnownFileType = sourcecode.c.h; path = ECSlidingViewController.h; sourceTree = "<group>"; };
		996BD68F1A73CA4600CE4337 /* ECSlidingViewController.m */ = {isa = PBXFileReference; fileEncoding = 4; lastKnownFileType = sourcecode.c.objc; path = ECSlidingViewController.m; sourceTree = "<group>"; };
		996BD6901A73CA4600CE4337 /* UIImage+ImageWithUIView.h */ = {isa = PBXFileReference; fileEncoding = 4; lastKnownFileType = sourcecode.c.h; path = "UIImage+ImageWithUIView.h"; sourceTree = "<group>"; };
		996BD6911A73CA4600CE4337 /* UIImage+ImageWithUIView.m */ = {isa = PBXFileReference; fileEncoding = 4; lastKnownFileType = sourcecode.c.objc; path = "UIImage+ImageWithUIView.m"; sourceTree = "<group>"; };
		996BD6941A73CB4D00CE4337 /* FeedSettings@2x.png */ = {isa = PBXFileReference; lastKnownFileType = image.png; path = "FeedSettings@2x.png"; sourceTree = "<group>"; };
		996BD6951A73CB4D00CE4337 /* Follow@2x.png */ = {isa = PBXFileReference; lastKnownFileType = image.png; path = "Follow@2x.png"; sourceTree = "<group>"; };
		996BD6961A73CB4D00CE4337 /* Following@2x.png */ = {isa = PBXFileReference; lastKnownFileType = image.png; path = "Following@2x.png"; sourceTree = "<group>"; };
		996BD6971A73CB4D00CE4337 /* imageoff.jpg */ = {isa = PBXFileReference; lastKnownFileType = image.jpeg; path = imageoff.jpg; sourceTree = "<group>"; };
		996BD6981A73CB4D00CE4337 /* Leoking_nonselected@2x.png */ = {isa = PBXFileReference; lastKnownFileType = image.png; path = "Leoking_nonselected@2x.png"; sourceTree = "<group>"; };
		996BD6991A73CB4D00CE4337 /* Leoking_seleted@2x.png */ = {isa = PBXFileReference; lastKnownFileType = image.png; path = "Leoking_seleted@2x.png"; sourceTree = "<group>"; };
		996BD69A1A73CB4D00CE4337 /* LoginBG@2x.png */ = {isa = PBXFileReference; lastKnownFileType = image.png; path = "LoginBG@2x.png"; sourceTree = "<group>"; };
		996BD69B1A73CB4D00CE4337 /* Logo@2x.png */ = {isa = PBXFileReference; lastKnownFileType = image.png; path = "Logo@2x.png"; sourceTree = "<group>"; };
		996BD69C1A73CB4D00CE4337 /* nextbutton.png */ = {isa = PBXFileReference; lastKnownFileType = image.png; path = nextbutton.png; sourceTree = "<group>"; };
		996BD69D1A73CB4D00CE4337 /* RadLibs2.jpg */ = {isa = PBXFileReference; lastKnownFileType = image.jpeg; path = RadLibs2.jpg; sourceTree = "<group>"; };
		996BD69E1A73CB4D00CE4337 /* rightoff@2x.jpg */ = {isa = PBXFileReference; lastKnownFileType = image.jpeg; path = "rightoff@2x.jpg"; sourceTree = "<group>"; };
		996BD69F1A73CB4D00CE4337 /* righton@2x.png */ = {isa = PBXFileReference; lastKnownFileType = image.png; path = "righton@2x.png"; sourceTree = "<group>"; };
		996BD6AD1A73E39300CE4337 /* TakepicViewController.h */ = {isa = PBXFileReference; fileEncoding = 4; lastKnownFileType = sourcecode.c.h; path = TakepicViewController.h; sourceTree = "<group>"; };
		996BD6AE1A73E39300CE4337 /* TakepicViewController.m */ = {isa = PBXFileReference; fileEncoding = 4; lastKnownFileType = sourcecode.c.objc; path = TakepicViewController.m; sourceTree = "<group>"; };
		996BD6B01A73E78200CE4337 /* cameraImage@2x.jpg */ = {isa = PBXFileReference; lastKnownFileType = image.jpeg; path = "cameraImage@2x.jpg"; sourceTree = "<group>"; };
		996BD6B21A73FACF00CE4337 /* AVFoundation.framework */ = {isa = PBXFileReference; lastKnownFileType = wrapper.framework; name = AVFoundation.framework; path = System/Library/Frameworks/AVFoundation.framework; sourceTree = SDKROOT; };
/* End PBXFileReference section */

/* Begin PBXFrameworksBuildPhase section */
		987965F81A73892A0088D162 /* Frameworks */ = {
			isa = PBXFrameworksBuildPhase;
			buildActionMask = 2147483647;
			files = (
				996BD6B31A73FACF00CE4337 /* AVFoundation.framework in Frameworks */,
				996BD67B1A73A15900CE4337 /* Social.framework in Frameworks */,
				996BD6721A738DC100CE4337 /* libsqlite3.dylib in Frameworks */,
				996BD6701A738DB000CE4337 /* libz.dylib in Frameworks */,
				996BD66E1A738DA800CE4337 /* SystemConfiguration.framework in Frameworks */,
				9879663B1A7436E30088D162 /* Parse.framework in Frameworks */,
				996BD66C1A738D9C00CE4337 /* StoreKit.framework in Frameworks */,
				996BD66A1A738D9600CE4337 /* Security.framework in Frameworks */,
				996BD6681A738D8F00CE4337 /* QuartzCore.framework in Frameworks */,
				996BD6661A738D8500CE4337 /* MobileCoreServices.framework in Frameworks */,
				996BD6641A738D7F00CE4337 /* CoreLocation.framework in Frameworks */,
				996BD6621A738D7000CE4337 /* CoreGraphics.framework in Frameworks */,
				996BD6601A738D6B00CE4337 /* CFNetwork.framework in Frameworks */,
				996BD65E1A738D6200CE4337 /* AudioToolbox.framework in Frameworks */,
				996BD65A1A738BD300CE4337 /* FacebookSDK.framework in Frameworks */,
				9879663C1A7436E30088D162 /* ParseFacebookUtils.framework in Frameworks */,
				69D935C22FDF2F1E2CF6BADD /* libPods.a in Frameworks */,
			);
			runOnlyForDeploymentPostprocessing = 0;
		};
		987966111A73892A0088D162 /* Frameworks */ = {
			isa = PBXFrameworksBuildPhase;
			buildActionMask = 2147483647;
			files = (
			);
			runOnlyForDeploymentPostprocessing = 0;
		};
/* End PBXFrameworksBuildPhase section */

/* Begin PBXGroup section */
		2C9D5EC5E677F38EA7186A75 /* Frameworks */ = {
			isa = PBXGroup;
			children = (
				996BD6B21A73FACF00CE4337 /* AVFoundation.framework */,
				996BD67A1A73A15900CE4337 /* Social.framework */,
				42B994672F81EA5DBF2A7564 /* libPods.a */,
			);
			name = Frameworks;
			sourceTree = "<group>";
		};
		71AA52BD398E331DC7CB7F85 /* Pods */ = {
			isa = PBXGroup;
			children = (
				050D6B88D56803C475BFEDED /* Pods.debug.xcconfig */,
				4A375D9FDBF43568911A406D /* Pods.release.xcconfig */,
			);
			name = Pods;
			sourceTree = "<group>";
		};
		987965F21A73892A0088D162 = {
			isa = PBXGroup;
			children = (
				996BD6791A739ED900CE4337 /* AppConstant.h */,
				987965FD1A73892A0088D162 /* personifI */,
				987966171A73892A0088D162 /* personifITests */,
				987965FC1A73892A0088D162 /* Products */,
				71AA52BD398E331DC7CB7F85 /* Pods */,
				2C9D5EC5E677F38EA7186A75 /* Frameworks */,
			);
			sourceTree = "<group>";
		};
		987965FC1A73892A0088D162 /* Products */ = {
			isa = PBXGroup;
			children = (
				987965FB1A73892A0088D162 /* personifI.app */,
				987966141A73892A0088D162 /* personifITests.xctest */,
			);
			name = Products;
			sourceTree = "<group>";
		};
		987965FD1A73892A0088D162 /* personifI */ = {
			isa = PBXGroup;
			children = (
				987966241A73B30F0088D162 /* Utilities */,
				996BD68C1A73CA4600CE4337 /* ThirdpartyClasses */,
				996BD6801A73C89200CE4337 /* Customcells */,
				996BD6751A73975800CE4337 /* Images */,
				996BD6761A73975800CE4337 /* ViewControllers */,
				996BD6581A738BC200CE4337 /* FrameWorks */,
				987966021A73892A0088D162 /* AppDelegate.h */,
				987966031A73892A0088D162 /* AppDelegate.m */,
				987966051A73892A0088D162 /* ViewController.h */,
				987966061A73892A0088D162 /* ViewController.m */,
				987966081A73892A0088D162 /* Main.storyboard */,
				9879660B1A73892A0088D162 /* Images.xcassets */,
				9879660D1A73892A0088D162 /* LaunchScreen.xib */,
				987965FE1A73892A0088D162 /* Supporting Files */,
			);
			path = personifI;
			sourceTree = "<group>";
		};
		987965FE1A73892A0088D162 /* Supporting Files */ = {
			isa = PBXGroup;
			children = (
				987965FF1A73892A0088D162 /* Info.plist */,
				987966001A73892A0088D162 /* main.m */,
			);
			name = "Supporting Files";
			sourceTree = "<group>";
		};
		987966171A73892A0088D162 /* personifITests */ = {
			isa = PBXGroup;
			children = (
				9879661A1A73892A0088D162 /* personifITests.m */,
				987966181A73892A0088D162 /* Supporting Files */,
			);
			path = personifITests;
			sourceTree = "<group>";
		};
		987966181A73892A0088D162 /* Supporting Files */ = {
			isa = PBXGroup;
			children = (
				987966191A73892A0088D162 /* Info.plist */,
			);
			name = "Supporting Files";
			sourceTree = "<group>";
		};
		987966241A73B30F0088D162 /* Utilities */ = {
			isa = PBXGroup;
			children = (
				987966251A73B3280088D162 /* Utilities.h */,
				987966261A73B3280088D162 /* Utilities.m */,
			);
			name = Utilities;
			sourceTree = "<group>";
		};
		987966281A740B890088D162 /* CollectionView */ = {
			isa = PBXGroup;
			children = (
				987966291A740B9F0088D162 /* FRGWaterfallCollectionViewCell.h */,
				9879662A1A740B9F0088D162 /* FRGWaterfallCollectionViewCell.m */,
				9879662B1A740B9F0088D162 /* FRGWaterfallCollectionViewLayout.h */,
				9879662C1A740B9F0088D162 /* FRGWaterfallCollectionViewLayout.m */,
				9879662D1A740B9F0088D162 /* FRGWaterfallDecorationReusableView.h */,
				9879662E1A740B9F0088D162 /* FRGWaterfallDecorationReusableView.m */,
			);
			name = CollectionView;
			sourceTree = "<group>";
		};
		996BD6581A738BC200CE4337 /* FrameWorks */ = {
			isa = PBXGroup;
			children = (
				987966391A7436E30088D162 /* Parse.framework */,
				9879663A1A7436E30088D162 /* ParseFacebookUtils.framework */,
				996BD6711A738DC100CE4337 /* libsqlite3.dylib */,
				996BD66F1A738DB000CE4337 /* libz.dylib */,
				996BD66D1A738DA800CE4337 /* SystemConfiguration.framework */,
				996BD66B1A738D9C00CE4337 /* StoreKit.framework */,
				996BD6691A738D9600CE4337 /* Security.framework */,
				996BD6671A738D8F00CE4337 /* QuartzCore.framework */,
				996BD6651A738D8500CE4337 /* MobileCoreServices.framework */,
				996BD6631A738D7F00CE4337 /* CoreLocation.framework */,
				996BD6611A738D7000CE4337 /* CoreGraphics.framework */,
				996BD65F1A738D6B00CE4337 /* CFNetwork.framework */,
				996BD65D1A738D6200CE4337 /* AudioToolbox.framework */,
				996BD6591A738BD300CE4337 /* FacebookSDK.framework */,
			);
			path = FrameWorks;
			sourceTree = "<group>";
		};
		996BD6751A73975800CE4337 /* Images */ = {
			isa = PBXGroup;
			children = (
				996BD6B01A73E78200CE4337 /* cameraImage@2x.jpg */,
				996BD6941A73CB4D00CE4337 /* FeedSettings@2x.png */,
				996BD6951A73CB4D00CE4337 /* Follow@2x.png */,
				996BD6961A73CB4D00CE4337 /* Following@2x.png */,
				996BD6971A73CB4D00CE4337 /* imageoff.jpg */,
				996BD6981A73CB4D00CE4337 /* Leoking_nonselected@2x.png */,
				996BD6991A73CB4D00CE4337 /* Leoking_seleted@2x.png */,
				996BD69A1A73CB4D00CE4337 /* LoginBG@2x.png */,
				996BD69B1A73CB4D00CE4337 /* Logo@2x.png */,
				996BD69C1A73CB4D00CE4337 /* nextbutton.png */,
				996BD69D1A73CB4D00CE4337 /* RadLibs2.jpg */,
				996BD69E1A73CB4D00CE4337 /* rightoff@2x.jpg */,
				996BD69F1A73CB4D00CE4337 /* righton@2x.png */,
				996BD6771A73976600CE4337 /* Facebook Login@2x.png */,
			);
			path = Images;
			sourceTree = "<group>";
		};
		996BD6761A73975800CE4337 /* ViewControllers */ = {
			isa = PBXGroup;
			children = (
				996BD6AC1A73E36E00CE4337 /* TakePictureViewController */,
				996BD6841A73CA0800CE4337 /* FeedViewController */,
				996BD6871A73CA0800CE4337 /* LeftMenuController */,
				996BD67C1A73C88700CE4337 /* InterestsViewController */,
			);
			path = ViewControllers;
			sourceTree = "<group>";
		};
		996BD67C1A73C88700CE4337 /* InterestsViewController */ = {
			isa = PBXGroup;
			children = (
				996BD67D1A73C88700CE4337 /* InterestsViewController.h */,
				996BD67E1A73C88700CE4337 /* InterestsViewController.m */,
			);
			path = InterestsViewController;
			sourceTree = "<group>";
		};
		996BD6801A73C89200CE4337 /* Customcells */ = {
			isa = PBXGroup;
			children = (
				996BD6811A73C89200CE4337 /* InterestTableViewCell.h */,
				996BD6821A73C89200CE4337 /* InterestTableViewCell.m */,
			);
			path = Customcells;
			sourceTree = "<group>";
		};
		996BD6841A73CA0800CE4337 /* FeedViewController */ = {
			isa = PBXGroup;
			children = (
				996BD6851A73CA0800CE4337 /* FeedViewController.h */,
				996BD6861A73CA0800CE4337 /* FeedViewController.m */,
			);
			path = FeedViewController;
			sourceTree = "<group>";
		};
		996BD6871A73CA0800CE4337 /* LeftMenuController */ = {
			isa = PBXGroup;
			children = (
				996BD6881A73CA0800CE4337 /* LeftMenuViewController.h */,
				996BD6891A73CA0800CE4337 /* LeftMenuViewController.m */,
			);
			path = LeftMenuController;
			sourceTree = "<group>";
		};
		996BD68C1A73CA4600CE4337 /* ThirdpartyClasses */ = {
			isa = PBXGroup;
			children = (
				987966281A740B890088D162 /* CollectionView */,
				996BD68D1A73CA4600CE4337 /* EcSliding */,
			);
			path = ThirdpartyClasses;
			sourceTree = "<group>";
		};
		996BD68D1A73CA4600CE4337 /* EcSliding */ = {
			isa = PBXGroup;
			children = (
				996BD68E1A73CA4600CE4337 /* ECSlidingViewController.h */,
				996BD68F1A73CA4600CE4337 /* ECSlidingViewController.m */,
				996BD6901A73CA4600CE4337 /* UIImage+ImageWithUIView.h */,
				996BD6911A73CA4600CE4337 /* UIImage+ImageWithUIView.m */,
			);
			path = EcSliding;
			sourceTree = "<group>";
		};
		996BD6AC1A73E36E00CE4337 /* TakePictureViewController */ = {
			isa = PBXGroup;
			children = (
				996BD6AD1A73E39300CE4337 /* TakepicViewController.h */,
				996BD6AE1A73E39300CE4337 /* TakepicViewController.m */,
			);
			path = TakePictureViewController;
			sourceTree = "<group>";
		};
/* End PBXGroup section */

/* Begin PBXNativeTarget section */
		987965FA1A73892A0088D162 /* personifI */ = {
			isa = PBXNativeTarget;
			buildConfigurationList = 9879661E1A73892A0088D162 /* Build configuration list for PBXNativeTarget "personifI" */;
			buildPhases = (
				9D6E9DCE39AAA8BC34D05AE5 /* Check Pods Manifest.lock */,
				987965F71A73892A0088D162 /* Sources */,
				987965F81A73892A0088D162 /* Frameworks */,
				987965F91A73892A0088D162 /* Resources */,
				30007F075A635ADDC5D356E5 /* Copy Pods Resources */,
			);
			buildRules = (
			);
			dependencies = (
			);
			name = personifI;
			productName = personifI;
			productReference = 987965FB1A73892A0088D162 /* personifI.app */;
			productType = "com.apple.product-type.application";
		};
		987966131A73892A0088D162 /* personifITests */ = {
			isa = PBXNativeTarget;
			buildConfigurationList = 987966211A73892A0088D162 /* Build configuration list for PBXNativeTarget "personifITests" */;
			buildPhases = (
				987966101A73892A0088D162 /* Sources */,
				987966111A73892A0088D162 /* Frameworks */,
				987966121A73892A0088D162 /* Resources */,
			);
			buildRules = (
			);
			dependencies = (
				987966161A73892A0088D162 /* PBXTargetDependency */,
			);
			name = personifITests;
			productName = personifITests;
			productReference = 987966141A73892A0088D162 /* personifITests.xctest */;
			productType = "com.apple.product-type.bundle.unit-test";
		};
/* End PBXNativeTarget section */

/* Begin PBXProject section */
		987965F31A73892A0088D162 /* Project object */ = {
			isa = PBXProject;
			attributes = {
				LastUpgradeCheck = 0610;
				ORGANIZATIONNAME = personifIInc;
				TargetAttributes = {
					987965FA1A73892A0088D162 = {
						CreatedOnToolsVersion = 6.1.1;
						DevelopmentTeam = KD5V7696DN;
					};
					987966131A73892A0088D162 = {
						CreatedOnToolsVersion = 6.1.1;
						TestTargetID = 987965FA1A73892A0088D162;
					};
				};
			};
			buildConfigurationList = 987965F61A73892A0088D162 /* Build configuration list for PBXProject "personifI" */;
			compatibilityVersion = "Xcode 3.2";
			developmentRegion = English;
			hasScannedForEncodings = 0;
			knownRegions = (
				en,
				Base,
			);
			mainGroup = 987965F21A73892A0088D162;
			productRefGroup = 987965FC1A73892A0088D162 /* Products */;
			projectDirPath = "";
			projectRoot = "";
			targets = (
				987965FA1A73892A0088D162 /* personifI */,
				987966131A73892A0088D162 /* personifITests */,
			);
		};
/* End PBXProject section */

/* Begin PBXResourcesBuildPhase section */
		987965F91A73892A0088D162 /* Resources */ = {
			isa = PBXResourcesBuildPhase;
			buildActionMask = 2147483647;
			files = (
				9879660A1A73892A0088D162 /* Main.storyboard in Resources */,
				996BD6A71A73CB4D00CE4337 /* Logo@2x.png in Resources */,
				996BD6A61A73CB4D00CE4337 /* LoginBG@2x.png in Resources */,
				996BD6A31A73CB4D00CE4337 /* imageoff.jpg in Resources */,
				996BD6781A73976600CE4337 /* Facebook Login@2x.png in Resources */,
				9879660F1A73892A0088D162 /* LaunchScreen.xib in Resources */,
				996BD6AB1A73CB4D00CE4337 /* righton@2x.png in Resources */,
				996BD6A01A73CB4D00CE4337 /* FeedSettings@2x.png in Resources */,
				9879660C1A73892A0088D162 /* Images.xcassets in Resources */,
				996BD6A91A73CB4D00CE4337 /* RadLibs2.jpg in Resources */,
				996BD6A81A73CB4D00CE4337 /* nextbutton.png in Resources */,
				996BD6A41A73CB4D00CE4337 /* Leoking_nonselected@2x.png in Resources */,
				996BD6A21A73CB4D00CE4337 /* Following@2x.png in Resources */,
				996BD6AA1A73CB4D00CE4337 /* rightoff@2x.jpg in Resources */,
				996BD6A11A73CB4D00CE4337 /* Follow@2x.png in Resources */,
				996BD6A51A73CB4D00CE4337 /* Leoking_seleted@2x.png in Resources */,
				996BD6B11A73E78200CE4337 /* cameraImage@2x.jpg in Resources */,
			);
			runOnlyForDeploymentPostprocessing = 0;
		};
		987966121A73892A0088D162 /* Resources */ = {
			isa = PBXResourcesBuildPhase;
			buildActionMask = 2147483647;
			files = (
			);
			runOnlyForDeploymentPostprocessing = 0;
		};
/* End PBXResourcesBuildPhase section */

/* Begin PBXShellScriptBuildPhase section */
		30007F075A635ADDC5D356E5 /* Copy Pods Resources */ = {
			isa = PBXShellScriptBuildPhase;
			buildActionMask = 2147483647;
			files = (
			);
			inputPaths = (
			);
			name = "Copy Pods Resources";
			outputPaths = (
			);
			runOnlyForDeploymentPostprocessing = 0;
			shellPath = /bin/sh;
			shellScript = "\"${SRCROOT}/Pods/Target Support Files/Pods/Pods-resources.sh\"\n";
			showEnvVarsInLog = 0;
		};
		9D6E9DCE39AAA8BC34D05AE5 /* Check Pods Manifest.lock */ = {
			isa = PBXShellScriptBuildPhase;
			buildActionMask = 2147483647;
			files = (
			);
			inputPaths = (
			);
			name = "Check Pods Manifest.lock";
			outputPaths = (
			);
			runOnlyForDeploymentPostprocessing = 0;
			shellPath = /bin/sh;
			shellScript = "diff \"${PODS_ROOT}/../Podfile.lock\" \"${PODS_ROOT}/Manifest.lock\" > /dev/null\nif [[ $? != 0 ]] ; then\n    cat << EOM\nerror: The sandbox is not in sync with the Podfile.lock. Run 'pod install' or update your CocoaPods installation.\nEOM\n    exit 1\nfi\n";
			showEnvVarsInLog = 0;
		};
/* End PBXShellScriptBuildPhase section */

/* Begin PBXSourcesBuildPhase section */
		987965F71A73892A0088D162 /* Sources */ = {
			isa = PBXSourcesBuildPhase;
			buildActionMask = 2147483647;
			files = (
				996BD67F1A73C88700CE4337 /* InterestsViewController.m in Sources */,
				987966071A73892A0088D162 /* ViewController.m in Sources */,
				987966041A73892A0088D162 /* AppDelegate.m in Sources */,
				987966271A73B3280088D162 /* Utilities.m in Sources */,
				996BD6931A73CA4600CE4337 /* UIImage+ImageWithUIView.m in Sources */,
				987966011A73892A0088D162 /* main.m in Sources */,
				987966311A740B9F0088D162 /* FRGWaterfallCollectionViewCell.m in Sources */,
				987966331A740B9F0088D162 /* FRGWaterfallDecorationReusableView.m in Sources */,
				996BD68B1A73CA0800CE4337 /* LeftMenuViewController.m in Sources */,
				996BD6AF1A73E39300CE4337 /* TakepicViewController.m in Sources */,
				996BD6921A73CA4600CE4337 /* ECSlidingViewController.m in Sources */,
				996BD68A1A73CA0800CE4337 /* FeedViewController.m in Sources */,
				996BD6831A73C89200CE4337 /* InterestTableViewCell.m in Sources */,
				987966321A740B9F0088D162 /* FRGWaterfallCollectionViewLayout.m in Sources */,
			);
			runOnlyForDeploymentPostprocessing = 0;
		};
		987966101A73892A0088D162 /* Sources */ = {
			isa = PBXSourcesBuildPhase;
			buildActionMask = 2147483647;
			files = (
				9879661B1A73892A0088D162 /* personifITests.m in Sources */,
			);
			runOnlyForDeploymentPostprocessing = 0;
		};
/* End PBXSourcesBuildPhase section */

/* Begin PBXTargetDependency section */
		987966161A73892A0088D162 /* PBXTargetDependency */ = {
			isa = PBXTargetDependency;
			target = 987965FA1A73892A0088D162 /* personifI */;
			targetProxy = 987966151A73892A0088D162 /* PBXContainerItemProxy */;
		};
/* End PBXTargetDependency section */

/* Begin PBXVariantGroup section */
		987966081A73892A0088D162 /* Main.storyboard */ = {
			isa = PBXVariantGroup;
			children = (
				987966091A73892A0088D162 /* Base */,
			);
			name = Main.storyboard;
			sourceTree = "<group>";
		};
		9879660D1A73892A0088D162 /* LaunchScreen.xib */ = {
			isa = PBXVariantGroup;
			children = (
				9879660E1A73892A0088D162 /* Base */,
			);
			name = LaunchScreen.xib;
			sourceTree = "<group>";
		};
/* End PBXVariantGroup section */

/* Begin XCBuildConfiguration section */
		9879661C1A73892A0088D162 /* Debug */ = {
			isa = XCBuildConfiguration;
			buildSettings = {
				ALWAYS_SEARCH_USER_PATHS = NO;
				CLANG_CXX_LANGUAGE_STANDARD = "gnu++0x";
				CLANG_CXX_LIBRARY = "libc++";
				CLANG_ENABLE_MODULES = YES;
				CLANG_ENABLE_OBJC_ARC = YES;
				CLANG_WARN_BOOL_CONVERSION = YES;
				CLANG_WARN_CONSTANT_CONVERSION = YES;
				CLANG_WARN_DIRECT_OBJC_ISA_USAGE = YES_ERROR;
				CLANG_WARN_EMPTY_BODY = YES;
				CLANG_WARN_ENUM_CONVERSION = YES;
				CLANG_WARN_INT_CONVERSION = YES;
				CLANG_WARN_OBJC_ROOT_CLASS = YES_ERROR;
				CLANG_WARN_UNREACHABLE_CODE = YES;
				CLANG_WARN__DUPLICATE_METHOD_MATCH = YES;
				"CODE_SIGN_IDENTITY[sdk=iphoneos*]" = "iPhone Developer";
				COPY_PHASE_STRIP = NO;
				ENABLE_STRICT_OBJC_MSGSEND = YES;
				GCC_C_LANGUAGE_STANDARD = gnu99;
				GCC_DYNAMIC_NO_PIC = NO;
				GCC_OPTIMIZATION_LEVEL = 0;
				GCC_PREPROCESSOR_DEFINITIONS = (
					"DEBUG=1",
					"$(inherited)",
				);
				GCC_SYMBOLS_PRIVATE_EXTERN = NO;
				GCC_WARN_64_TO_32_BIT_CONVERSION = YES;
				GCC_WARN_ABOUT_RETURN_TYPE = YES_ERROR;
				GCC_WARN_UNDECLARED_SELECTOR = YES;
				GCC_WARN_UNINITIALIZED_AUTOS = YES_AGGRESSIVE;
				GCC_WARN_UNUSED_FUNCTION = YES;
				GCC_WARN_UNUSED_VARIABLE = YES;
				IPHONEOS_DEPLOYMENT_TARGET = 8.0;
				MTL_ENABLE_DEBUG_INFO = YES;
				ONLY_ACTIVE_ARCH = YES;
				SDKROOT = iphoneos;
			};
			name = Debug;
		};
		9879661D1A73892A0088D162 /* Release */ = {
			isa = XCBuildConfiguration;
			buildSettings = {
				ALWAYS_SEARCH_USER_PATHS = NO;
				CLANG_CXX_LANGUAGE_STANDARD = "gnu++0x";
				CLANG_CXX_LIBRARY = "libc++";
				CLANG_ENABLE_MODULES = YES;
				CLANG_ENABLE_OBJC_ARC = YES;
				CLANG_WARN_BOOL_CONVERSION = YES;
				CLANG_WARN_CONSTANT_CONVERSION = YES;
				CLANG_WARN_DIRECT_OBJC_ISA_USAGE = YES_ERROR;
				CLANG_WARN_EMPTY_BODY = YES;
				CLANG_WARN_ENUM_CONVERSION = YES;
				CLANG_WARN_INT_CONVERSION = YES;
				CLANG_WARN_OBJC_ROOT_CLASS = YES_ERROR;
				CLANG_WARN_UNREACHABLE_CODE = YES;
				CLANG_WARN__DUPLICATE_METHOD_MATCH = YES;
				"CODE_SIGN_IDENTITY[sdk=iphoneos*]" = "iPhone Developer";
				COPY_PHASE_STRIP = YES;
				ENABLE_NS_ASSERTIONS = NO;
				ENABLE_STRICT_OBJC_MSGSEND = YES;
				GCC_C_LANGUAGE_STANDARD = gnu99;
				GCC_WARN_64_TO_32_BIT_CONVERSION = YES;
				GCC_WARN_ABOUT_RETURN_TYPE = YES_ERROR;
				GCC_WARN_UNDECLARED_SELECTOR = YES;
				GCC_WARN_UNINITIALIZED_AUTOS = YES_AGGRESSIVE;
				GCC_WARN_UNUSED_FUNCTION = YES;
				GCC_WARN_UNUSED_VARIABLE = YES;
				IPHONEOS_DEPLOYMENT_TARGET = 8.0;
				MTL_ENABLE_DEBUG_INFO = NO;
				SDKROOT = iphoneos;
				VALIDATE_PRODUCT = YES;
			};
			name = Release;
		};
		9879661F1A73892A0088D162 /* Debug */ = {
			isa = XCBuildConfiguration;
			baseConfigurationReference = 050D6B88D56803C475BFEDED /* Pods.debug.xcconfig */;
			buildSettings = {
				ASSETCATALOG_COMPILER_APPICON_NAME = AppIcon;
				CODE_SIGN_IDENTITY = "iPhone Developer";
				"CODE_SIGN_IDENTITY[sdk=iphoneos*]" = "iPhone Developer";
				FRAMEWORK_SEARCH_PATHS = (
					"$(inherited)",
					"$(PROJECT_DIR)/personifI/FrameWorks",
				);
				INFOPLIST_FILE = personifI/Info.plist;
				LD_RUNPATH_SEARCH_PATHS = "$(inherited) @executable_path/Frameworks";
				PRODUCT_NAME = "$(TARGET_NAME)";
				PROVISIONING_PROFILE = "";
				SDKROOT = iphoneos;
			};
			name = Debug;
		};
		987966201A73892A0088D162 /* Release */ = {
			isa = XCBuildConfiguration;
			baseConfigurationReference = 4A375D9FDBF43568911A406D /* Pods.release.xcconfig */;
			buildSettings = {
				ASSETCATALOG_COMPILER_APPICON_NAME = AppIcon;
				CODE_SIGN_IDENTITY = "iPhone Developer";
				"CODE_SIGN_IDENTITY[sdk=iphoneos*]" = "iPhone Developer";
				FRAMEWORK_SEARCH_PATHS = (
					"$(inherited)",
					"$(PROJECT_DIR)/personifI/FrameWorks",
				);
				INFOPLIST_FILE = personifI/Info.plist;
				LD_RUNPATH_SEARCH_PATHS = "$(inherited) @executable_path/Frameworks";
				PRODUCT_NAME = "$(TARGET_NAME)";
				PROVISIONING_PROFILE = "";
				SDKROOT = iphoneos;
			};
			name = Release;
		};
		987966221A73892A0088D162 /* Debug */ = {
			isa = XCBuildConfiguration;
			buildSettings = {
				BUNDLE_LOADER = "$(TEST_HOST)";
				FRAMEWORK_SEARCH_PATHS = (
					"$(SDKROOT)/Developer/Library/Frameworks",
					"$(inherited)",
				);
				GCC_PREPROCESSOR_DEFINITIONS = (
					"DEBUG=1",
					"$(inherited)",
				);
				INFOPLIST_FILE = personifITests/Info.plist;
				LD_RUNPATH_SEARCH_PATHS = "$(inherited) @executable_path/Frameworks @loader_path/Frameworks";
				PRODUCT_NAME = "$(TARGET_NAME)";
				TEST_HOST = "$(BUILT_PRODUCTS_DIR)/personifI.app/personifI";
			};
			name = Debug;
		};
		987966231A73892A0088D162 /* Release */ = {
			isa = XCBuildConfiguration;
			buildSettings = {
				BUNDLE_LOADER = "$(TEST_HOST)";
				FRAMEWORK_SEARCH_PATHS = (
					"$(SDKROOT)/Developer/Library/Frameworks",
					"$(inherited)",
				);
				INFOPLIST_FILE = personifITests/Info.plist;
				LD_RUNPATH_SEARCH_PATHS = "$(inherited) @executable_path/Frameworks @loader_path/Frameworks";
				PRODUCT_NAME = "$(TARGET_NAME)";
				TEST_HOST = "$(BUILT_PRODUCTS_DIR)/personifI.app/personifI";
			};
			name = Release;
		};
/* End XCBuildConfiguration section */

/* Begin XCConfigurationList section */
		987965F61A73892A0088D162 /* Build configuration list for PBXProject "personifI" */ = {
			isa = XCConfigurationList;
			buildConfigurations = (
				9879661C1A73892A0088D162 /* Debug */,
				9879661D1A73892A0088D162 /* Release */,
			);
			defaultConfigurationIsVisible = 0;
			defaultConfigurationName = Release;
		};
		9879661E1A73892A0088D162 /* Build configuration list for PBXNativeTarget "personifI" */ = {
			isa = XCConfigurationList;
			buildConfigurations = (
				9879661F1A73892A0088D162 /* Debug */,
				987966201A73892A0088D162 /* Release */,
			);
			defaultConfigurationIsVisible = 0;
			defaultConfigurationName = Release;
		};
		987966211A73892A0088D162 /* Build configuration list for PBXNativeTarget "personifITests" */ = {
			isa = XCConfigurationList;
			buildConfigurations = (
				987966221A73892A0088D162 /* Debug */,
				987966231A73892A0088D162 /* Release */,
			);
			defaultConfigurationIsVisible = 0;
			defaultConfigurationName = Release;
		};
/* End XCConfigurationList section */
	};
	rootObject = 987965F31A73892A0088D162 /* Project object */;
}
